// !$*UTF8*$!
{
	archiveVersion = 1;
	classes = {
	};
	objectVersion = 56;
	objects = {

/* Begin PBXBuildFile section */
		6711C8C42997CA0E00B68E78 /* Assets.xcassets in Resources */ = {isa = PBXBuildFile; fileRef = 6711C8C32997CA0E00B68E78 /* Assets.xcassets */; };
		67D117D529967290001EE9B1 /* VoltInstance.swift in Sources */ = {isa = PBXBuildFile; fileRef = 67D117D429967290001EE9B1 /* VoltInstance.swift */; };
		67D117E42996ABEA001EE9B1 /* APIResponse.swift in Sources */ = {isa = PBXBuildFile; fileRef = 67D117E32996ABEA001EE9B1 /* APIResponse.swift */; };
		67F1F715298D5DB9001B7B12 /* VoltFramework.docc in Sources */ = {isa = PBXBuildFile; fileRef = 67F1F714298D5DB9001B7B12 /* VoltFramework.docc */; };
		67F1F71B298D5DBA001B7B12 /* VoltFramework.framework in Frameworks */ = {isa = PBXBuildFile; fileRef = 67F1F710298D5DB9001B7B12 /* VoltFramework.framework */; };
		67F1F720298D5DBA001B7B12 /* VoltFrameworkTests.swift in Sources */ = {isa = PBXBuildFile; fileRef = 67F1F71F298D5DBA001B7B12 /* VoltFrameworkTests.swift */; };
		67F1F721298D5DBA001B7B12 /* VoltFramework.h in Headers */ = {isa = PBXBuildFile; fileRef = 67F1F713298D5DB9001B7B12 /* VoltFramework.h */; settings = {ATTRIBUTES = (Public, ); }; };
		67F1F72B298D5DE6001B7B12 /* VoltSDKContainer.swift in Sources */ = {isa = PBXBuildFile; fileRef = 67F1F72A298D5DE6001B7B12 /* VoltSDKContainer.swift */; };
		67F1F736298D6E35001B7B12 /* VoltHomeViewController.swift in Sources */ = {isa = PBXBuildFile; fileRef = 67F1F734298D6E34001B7B12 /* VoltHomeViewController.swift */; };
		67F1F737298D6E35001B7B12 /* VoltHomeViewController.xib in Resources */ = {isa = PBXBuildFile; fileRef = 67F1F735298D6E34001B7B12 /* VoltHomeViewController.xib */; };
		67F1F73E298D6EAE001B7B12 /* NetworkManager.swift in Sources */ = {isa = PBXBuildFile; fileRef = 67F1F739298D6EAE001B7B12 /* NetworkManager.swift */; };
		67F1F73F298D6EAE001B7B12 /* ReachabilityMonitor.swift in Sources */ = {isa = PBXBuildFile; fileRef = 67F1F73B298D6EAE001B7B12 /* ReachabilityMonitor.swift */; };
		67F1F740298D6EAE001B7B12 /* RestApiManager.swift in Sources */ = {isa = PBXBuildFile; fileRef = 67F1F73C298D6EAE001B7B12 /* RestApiManager.swift */; };
		67F1F741298D6EAE001B7B12 /* NetworkConstant.swift in Sources */ = {isa = PBXBuildFile; fileRef = 67F1F73D298D6EAE001B7B12 /* NetworkConstant.swift */; };
		67F1F743298D738E001B7B12 /* BaseViewController.swift in Sources */ = {isa = PBXBuildFile; fileRef = 67F1F742298D738E001B7B12 /* BaseViewController.swift */; };
/* End PBXBuildFile section */

/* Begin PBXContainerItemProxy section */
		67F1F71C298D5DBA001B7B12 /* PBXContainerItemProxy */ = {
			isa = PBXContainerItemProxy;
			containerPortal = 67F1F707298D5DB9001B7B12 /* Project object */;
			proxyType = 1;
			remoteGlobalIDString = 67F1F70F298D5DB9001B7B12;
			remoteInfo = VoltFramework;
		};
/* End PBXContainerItemProxy section */

/* Begin PBXFileReference section */
		6711C8C32997CA0E00B68E78 /* Assets.xcassets */ = {isa = PBXFileReference; lastKnownFileType = folder.assetcatalog; path = Assets.xcassets; sourceTree = "<group>"; };
		67D117D429967290001EE9B1 /* VoltInstance.swift */ = {isa = PBXFileReference; lastKnownFileType = sourcecode.swift; path = VoltInstance.swift; sourceTree = "<group>"; };
		67D117E32996ABEA001EE9B1 /* APIResponse.swift */ = {isa = PBXFileReference; fileEncoding = 4; lastKnownFileType = sourcecode.swift; path = APIResponse.swift; sourceTree = "<group>"; };
		67F1F710298D5DB9001B7B12 /* VoltFramework.framework */ = {isa = PBXFileReference; explicitFileType = wrapper.framework; includeInIndex = 0; path = VoltFramework.framework; sourceTree = BUILT_PRODUCTS_DIR; };
		67F1F713298D5DB9001B7B12 /* VoltFramework.h */ = {isa = PBXFileReference; lastKnownFileType = sourcecode.c.h; path = VoltFramework.h; sourceTree = "<group>"; };
		67F1F714298D5DB9001B7B12 /* VoltFramework.docc */ = {isa = PBXFileReference; lastKnownFileType = folder.documentationcatalog; path = VoltFramework.docc; sourceTree = "<group>"; };
		67F1F71A298D5DBA001B7B12 /* VoltFrameworkTests.xctest */ = {isa = PBXFileReference; explicitFileType = wrapper.cfbundle; includeInIndex = 0; path = VoltFrameworkTests.xctest; sourceTree = BUILT_PRODUCTS_DIR; };
		67F1F71F298D5DBA001B7B12 /* VoltFrameworkTests.swift */ = {isa = PBXFileReference; lastKnownFileType = sourcecode.swift; path = VoltFrameworkTests.swift; sourceTree = "<group>"; };
		67F1F72A298D5DE6001B7B12 /* VoltSDKContainer.swift */ = {isa = PBXFileReference; lastKnownFileType = sourcecode.swift; path = VoltSDKContainer.swift; sourceTree = "<group>"; };
		67F1F734298D6E34001B7B12 /* VoltHomeViewController.swift */ = {isa = PBXFileReference; lastKnownFileType = sourcecode.swift; path = VoltHomeViewController.swift; sourceTree = "<group>"; };
		67F1F735298D6E34001B7B12 /* VoltHomeViewController.xib */ = {isa = PBXFileReference; lastKnownFileType = file.xib; path = VoltHomeViewController.xib; sourceTree = "<group>"; };
		67F1F739298D6EAE001B7B12 /* NetworkManager.swift */ = {isa = PBXFileReference; fileEncoding = 4; lastKnownFileType = sourcecode.swift; path = NetworkManager.swift; sourceTree = "<group>"; };
		67F1F73B298D6EAE001B7B12 /* ReachabilityMonitor.swift */ = {isa = PBXFileReference; fileEncoding = 4; lastKnownFileType = sourcecode.swift; path = ReachabilityMonitor.swift; sourceTree = "<group>"; };
		67F1F73C298D6EAE001B7B12 /* RestApiManager.swift */ = {isa = PBXFileReference; fileEncoding = 4; lastKnownFileType = sourcecode.swift; path = RestApiManager.swift; sourceTree = "<group>"; };
		67F1F73D298D6EAE001B7B12 /* NetworkConstant.swift */ = {isa = PBXFileReference; fileEncoding = 4; lastKnownFileType = sourcecode.swift; path = NetworkConstant.swift; sourceTree = "<group>"; };
		67F1F742298D738E001B7B12 /* BaseViewController.swift */ = {isa = PBXFileReference; fileEncoding = 4; lastKnownFileType = sourcecode.swift; path = BaseViewController.swift; sourceTree = "<group>"; };
/* End PBXFileReference section */

/* Begin PBXFrameworksBuildPhase section */
		67F1F70D298D5DB9001B7B12 /* Frameworks */ = {
			isa = PBXFrameworksBuildPhase;
			buildActionMask = 2147483647;
			files = (
			);
			runOnlyForDeploymentPostprocessing = 0;
		};
		67F1F717298D5DBA001B7B12 /* Frameworks */ = {
			isa = PBXFrameworksBuildPhase;
			buildActionMask = 2147483647;
			files = (
				67F1F71B298D5DBA001B7B12 /* VoltFramework.framework in Frameworks */,
			);
			runOnlyForDeploymentPostprocessing = 0;
		};
/* End PBXFrameworksBuildPhase section */

/* Begin PBXGroup section */
		67D117E029969B07001EE9B1 /* Model */ = {
			isa = PBXGroup;
			children = (
				67D117E32996ABEA001EE9B1 /* APIResponse.swift */,
			);
			path = Model;
			sourceTree = "<group>";
		};
		67F1F706298D5DB9001B7B12 = {
			isa = PBXGroup;
			children = (
				6711C8C32997CA0E00B68E78 /* Assets.xcassets */,
				67F1F712298D5DB9001B7B12 /* VoltFramework */,
				67F1F71E298D5DBA001B7B12 /* VoltFrameworkTests */,
				67F1F711298D5DB9001B7B12 /* Products */,
			);
			sourceTree = "<group>";
		};
		67F1F711298D5DB9001B7B12 /* Products */ = {
			isa = PBXGroup;
			children = (
				67F1F710298D5DB9001B7B12 /* VoltFramework.framework */,
				67F1F71A298D5DBA001B7B12 /* VoltFrameworkTests.xctest */,
			);
			name = Products;
			sourceTree = "<group>";
		};
		67F1F712298D5DB9001B7B12 /* VoltFramework */ = {
			isa = PBXGroup;
			children = (
				67D117E029969B07001EE9B1 /* Model */,
				67F1F738298D6EAE001B7B12 /* Managers */,
				67F1F72A298D5DE6001B7B12 /* VoltSDKContainer.swift */,
				67D117D429967290001EE9B1 /* VoltInstance.swift */,
				67F1F713298D5DB9001B7B12 /* VoltFramework.h */,
				67F1F714298D5DB9001B7B12 /* VoltFramework.docc */,
				67F1F734298D6E34001B7B12 /* VoltHomeViewController.swift */,
				67F1F742298D738E001B7B12 /* BaseViewController.swift */,
				67F1F735298D6E34001B7B12 /* VoltHomeViewController.xib */,
			);
			path = VoltFramework;
			sourceTree = "<group>";
		};
		67F1F71E298D5DBA001B7B12 /* VoltFrameworkTests */ = {
			isa = PBXGroup;
			children = (
				67F1F71F298D5DBA001B7B12 /* VoltFrameworkTests.swift */,
			);
			path = VoltFrameworkTests;
			sourceTree = "<group>";
		};
		67F1F738298D6EAE001B7B12 /* Managers */ = {
			isa = PBXGroup;
			children = (
				67F1F739298D6EAE001B7B12 /* NetworkManager.swift */,
				67F1F73A298D6EAE001B7B12 /* ReachabilityManager */,
				67F1F73D298D6EAE001B7B12 /* NetworkConstant.swift */,
				67F1F73C298D6EAE001B7B12 /* RestApiManager.swift */,
			);
			path = Managers;
			sourceTree = "<group>";
		};
		67F1F73A298D6EAE001B7B12 /* ReachabilityManager */ = {
			isa = PBXGroup;
			children = (
				67F1F73B298D6EAE001B7B12 /* ReachabilityMonitor.swift */,
			);
			path = ReachabilityManager;
			sourceTree = "<group>";
		};
/* End PBXGroup section */

/* Begin PBXHeadersBuildPhase section */
		67F1F70B298D5DB9001B7B12 /* Headers */ = {
			isa = PBXHeadersBuildPhase;
			buildActionMask = 2147483647;
			files = (
				67F1F721298D5DBA001B7B12 /* VoltFramework.h in Headers */,
			);
			runOnlyForDeploymentPostprocessing = 0;
		};
/* End PBXHeadersBuildPhase section */

/* Begin PBXNativeTarget section */
		67F1F70F298D5DB9001B7B12 /* VoltFramework */ = {
			isa = PBXNativeTarget;
			buildConfigurationList = 67F1F724298D5DBA001B7B12 /* Build configuration list for PBXNativeTarget "VoltFramework" */;
			buildPhases = (
				67F1F70B298D5DB9001B7B12 /* Headers */,
				67F1F70C298D5DB9001B7B12 /* Sources */,
				67F1F70D298D5DB9001B7B12 /* Frameworks */,
				67F1F70E298D5DB9001B7B12 /* Resources */,
			);
			buildRules = (
			);
			dependencies = (
			);
			name = VoltFramework;
			productName = VoltFramework;
			productReference = 67F1F710298D5DB9001B7B12 /* VoltFramework.framework */;
			productType = "com.apple.product-type.framework";
		};
		67F1F719298D5DBA001B7B12 /* VoltFrameworkTests */ = {
			isa = PBXNativeTarget;
			buildConfigurationList = 67F1F727298D5DBA001B7B12 /* Build configuration list for PBXNativeTarget "VoltFrameworkTests" */;
			buildPhases = (
				67F1F716298D5DBA001B7B12 /* Sources */,
				67F1F717298D5DBA001B7B12 /* Frameworks */,
				67F1F718298D5DBA001B7B12 /* Resources */,
			);
			buildRules = (
			);
			dependencies = (
				67F1F71D298D5DBA001B7B12 /* PBXTargetDependency */,
			);
			name = VoltFrameworkTests;
			productName = VoltFrameworkTests;
			productReference = 67F1F71A298D5DBA001B7B12 /* VoltFrameworkTests.xctest */;
			productType = "com.apple.product-type.bundle.unit-test";
		};
/* End PBXNativeTarget section */

/* Begin PBXProject section */
		67F1F707298D5DB9001B7B12 /* Project object */ = {
			isa = PBXProject;
			attributes = {
				BuildIndependentTargetsInParallel = 1;
				LastSwiftUpdateCheck = 1420;
				LastUpgradeCheck = 1420;
				TargetAttributes = {
					67F1F70F298D5DB9001B7B12 = {
						CreatedOnToolsVersion = 14.2;
					};
					67F1F719298D5DBA001B7B12 = {
						CreatedOnToolsVersion = 14.2;
					};
				};
			};
			buildConfigurationList = 67F1F70A298D5DB9001B7B12 /* Build configuration list for PBXProject "VoltFramework" */;
			compatibilityVersion = "Xcode 14.0";
			developmentRegion = en;
			hasScannedForEncodings = 0;
			knownRegions = (
				en,
				Base,
			);
			mainGroup = 67F1F706298D5DB9001B7B12;
			productRefGroup = 67F1F711298D5DB9001B7B12 /* Products */;
			projectDirPath = "";
			projectRoot = "";
			targets = (
				67F1F70F298D5DB9001B7B12 /* VoltFramework */,
				67F1F719298D5DBA001B7B12 /* VoltFrameworkTests */,
			);
		};
/* End PBXProject section */

/* Begin PBXResourcesBuildPhase section */
		67F1F70E298D5DB9001B7B12 /* Resources */ = {
			isa = PBXResourcesBuildPhase;
			buildActionMask = 2147483647;
			files = (
				67F1F737298D6E35001B7B12 /* VoltHomeViewController.xib in Resources */,
				6711C8C42997CA0E00B68E78 /* Assets.xcassets in Resources */,
			);
			runOnlyForDeploymentPostprocessing = 0;
		};
		67F1F718298D5DBA001B7B12 /* Resources */ = {
			isa = PBXResourcesBuildPhase;
			buildActionMask = 2147483647;
			files = (
			);
			runOnlyForDeploymentPostprocessing = 0;
		};
/* End PBXResourcesBuildPhase section */

/* Begin PBXSourcesBuildPhase section */
		67F1F70C298D5DB9001B7B12 /* Sources */ = {
			isa = PBXSourcesBuildPhase;
			buildActionMask = 2147483647;
			files = (
				67F1F73E298D6EAE001B7B12 /* NetworkManager.swift in Sources */,
				67F1F736298D6E35001B7B12 /* VoltHomeViewController.swift in Sources */,
				67F1F740298D6EAE001B7B12 /* RestApiManager.swift in Sources */,
				67F1F72B298D5DE6001B7B12 /* VoltSDKContainer.swift in Sources */,
				67D117E42996ABEA001EE9B1 /* APIResponse.swift in Sources */,
				67F1F741298D6EAE001B7B12 /* NetworkConstant.swift in Sources */,
				67D117D529967290001EE9B1 /* VoltInstance.swift in Sources */,
				67F1F743298D738E001B7B12 /* BaseViewController.swift in Sources */,
				67F1F715298D5DB9001B7B12 /* VoltFramework.docc in Sources */,
				67F1F73F298D6EAE001B7B12 /* ReachabilityMonitor.swift in Sources */,
			);
			runOnlyForDeploymentPostprocessing = 0;
		};
		67F1F716298D5DBA001B7B12 /* Sources */ = {
			isa = PBXSourcesBuildPhase;
			buildActionMask = 2147483647;
			files = (
				67F1F720298D5DBA001B7B12 /* VoltFrameworkTests.swift in Sources */,
			);
			runOnlyForDeploymentPostprocessing = 0;
		};
/* End PBXSourcesBuildPhase section */

/* Begin PBXTargetDependency section */
		67F1F71D298D5DBA001B7B12 /* PBXTargetDependency */ = {
			isa = PBXTargetDependency;
			target = 67F1F70F298D5DB9001B7B12 /* VoltFramework */;
			targetProxy = 67F1F71C298D5DBA001B7B12 /* PBXContainerItemProxy */;
		};
/* End PBXTargetDependency section */

/* Begin XCBuildConfiguration section */
		67F1F722298D5DBA001B7B12 /* Debug */ = {
			isa = XCBuildConfiguration;
			buildSettings = {
				ALWAYS_SEARCH_USER_PATHS = NO;
				CLANG_ANALYZER_NONNULL = YES;
				CLANG_ANALYZER_NUMBER_OBJECT_CONVERSION = YES_AGGRESSIVE;
				CLANG_CXX_LANGUAGE_STANDARD = "gnu++20";
				CLANG_ENABLE_MODULES = YES;
				CLANG_ENABLE_OBJC_ARC = YES;
				CLANG_ENABLE_OBJC_WEAK = YES;
				CLANG_WARN_BLOCK_CAPTURE_AUTORELEASING = YES;
				CLANG_WARN_BOOL_CONVERSION = YES;
				CLANG_WARN_COMMA = YES;
				CLANG_WARN_CONSTANT_CONVERSION = YES;
				CLANG_WARN_DEPRECATED_OBJC_IMPLEMENTATIONS = YES;
				CLANG_WARN_DIRECT_OBJC_ISA_USAGE = YES_ERROR;
				CLANG_WARN_DOCUMENTATION_COMMENTS = YES;
				CLANG_WARN_EMPTY_BODY = YES;
				CLANG_WARN_ENUM_CONVERSION = YES;
				CLANG_WARN_INFINITE_RECURSION = YES;
				CLANG_WARN_INT_CONVERSION = YES;
				CLANG_WARN_NON_LITERAL_NULL_CONVERSION = YES;
				CLANG_WARN_OBJC_IMPLICIT_RETAIN_SELF = YES;
				CLANG_WARN_OBJC_LITERAL_CONVERSION = YES;
				CLANG_WARN_OBJC_ROOT_CLASS = YES_ERROR;
				CLANG_WARN_QUOTED_INCLUDE_IN_FRAMEWORK_HEADER = YES;
				CLANG_WARN_RANGE_LOOP_ANALYSIS = YES;
				CLANG_WARN_STRICT_PROTOTYPES = YES;
				CLANG_WARN_SUSPICIOUS_MOVE = YES;
				CLANG_WARN_UNGUARDED_AVAILABILITY = YES_AGGRESSIVE;
				CLANG_WARN_UNREACHABLE_CODE = YES;
				CLANG_WARN__DUPLICATE_METHOD_MATCH = YES;
				COPY_PHASE_STRIP = NO;
				CURRENT_PROJECT_VERSION = 1;
				DEBUG_INFORMATION_FORMAT = dwarf;
				ENABLE_STRICT_OBJC_MSGSEND = YES;
				ENABLE_TESTABILITY = YES;
				GCC_C_LANGUAGE_STANDARD = gnu11;
				GCC_DYNAMIC_NO_PIC = NO;
				GCC_NO_COMMON_BLOCKS = YES;
				GCC_OPTIMIZATION_LEVEL = 0;
				GCC_PREPROCESSOR_DEFINITIONS = (
					"DEBUG=1",
					"$(inherited)",
				);
				GCC_WARN_64_TO_32_BIT_CONVERSION = YES;
				GCC_WARN_ABOUT_RETURN_TYPE = YES_ERROR;
				GCC_WARN_UNDECLARED_SELECTOR = YES;
				GCC_WARN_UNINITIALIZED_AUTOS = YES_AGGRESSIVE;
				GCC_WARN_UNUSED_FUNCTION = YES;
				GCC_WARN_UNUSED_VARIABLE = YES;
				IPHONEOS_DEPLOYMENT_TARGET = 15.0;
				MTL_ENABLE_DEBUG_INFO = INCLUDE_SOURCE;
				MTL_FAST_MATH = YES;
				ONLY_ACTIVE_ARCH = NO;
				SDKROOT = iphoneos;
				SWIFT_ACTIVE_COMPILATION_CONDITIONS = DEBUG;
				SWIFT_OPTIMIZATION_LEVEL = "-Onone";
				VERSIONING_SYSTEM = "apple-generic";
				VERSION_INFO_PREFIX = "";
			};
			name = Debug;
		};
		67F1F723298D5DBA001B7B12 /* Release */ = {
			isa = XCBuildConfiguration;
			buildSettings = {
				ALWAYS_SEARCH_USER_PATHS = NO;
				CLANG_ANALYZER_NONNULL = YES;
				CLANG_ANALYZER_NUMBER_OBJECT_CONVERSION = YES_AGGRESSIVE;
				CLANG_CXX_LANGUAGE_STANDARD = "gnu++20";
				CLANG_ENABLE_MODULES = YES;
				CLANG_ENABLE_OBJC_ARC = YES;
				CLANG_ENABLE_OBJC_WEAK = YES;
				CLANG_WARN_BLOCK_CAPTURE_AUTORELEASING = YES;
				CLANG_WARN_BOOL_CONVERSION = YES;
				CLANG_WARN_COMMA = YES;
				CLANG_WARN_CONSTANT_CONVERSION = YES;
				CLANG_WARN_DEPRECATED_OBJC_IMPLEMENTATIONS = YES;
				CLANG_WARN_DIRECT_OBJC_ISA_USAGE = YES_ERROR;
				CLANG_WARN_DOCUMENTATION_COMMENTS = YES;
				CLANG_WARN_EMPTY_BODY = YES;
				CLANG_WARN_ENUM_CONVERSION = YES;
				CLANG_WARN_INFINITE_RECURSION = YES;
				CLANG_WARN_INT_CONVERSION = YES;
				CLANG_WARN_NON_LITERAL_NULL_CONVERSION = YES;
				CLANG_WARN_OBJC_IMPLICIT_RETAIN_SELF = YES;
				CLANG_WARN_OBJC_LITERAL_CONVERSION = YES;
				CLANG_WARN_OBJC_ROOT_CLASS = YES_ERROR;
				CLANG_WARN_QUOTED_INCLUDE_IN_FRAMEWORK_HEADER = YES;
				CLANG_WARN_RANGE_LOOP_ANALYSIS = YES;
				CLANG_WARN_STRICT_PROTOTYPES = YES;
				CLANG_WARN_SUSPICIOUS_MOVE = YES;
				CLANG_WARN_UNGUARDED_AVAILABILITY = YES_AGGRESSIVE;
				CLANG_WARN_UNREACHABLE_CODE = YES;
				CLANG_WARN__DUPLICATE_METHOD_MATCH = YES;
				COPY_PHASE_STRIP = NO;
				CURRENT_PROJECT_VERSION = 1;
				DEBUG_INFORMATION_FORMAT = "dwarf-with-dsym";
				ENABLE_NS_ASSERTIONS = NO;
				ENABLE_STRICT_OBJC_MSGSEND = YES;
				GCC_C_LANGUAGE_STANDARD = gnu11;
				GCC_NO_COMMON_BLOCKS = YES;
				GCC_WARN_64_TO_32_BIT_CONVERSION = YES;
				GCC_WARN_ABOUT_RETURN_TYPE = YES_ERROR;
				GCC_WARN_UNDECLARED_SELECTOR = YES;
				GCC_WARN_UNINITIALIZED_AUTOS = YES_AGGRESSIVE;
				GCC_WARN_UNUSED_FUNCTION = YES;
				GCC_WARN_UNUSED_VARIABLE = YES;
				IPHONEOS_DEPLOYMENT_TARGET = 15.0;
				MTL_ENABLE_DEBUG_INFO = NO;
				MTL_FAST_MATH = YES;
				ONLY_ACTIVE_ARCH = NO;
				SDKROOT = iphoneos;
				SWIFT_COMPILATION_MODE = wholemodule;
				SWIFT_OPTIMIZATION_LEVEL = "-O";
				VALIDATE_PRODUCT = YES;
				VERSIONING_SYSTEM = "apple-generic";
				VERSION_INFO_PREFIX = "";
			};
			name = Release;
		};
		67F1F725298D5DBA001B7B12 /* Debug */ = {
			isa = XCBuildConfiguration;
			buildSettings = {
				CODE_SIGN_STYLE = Automatic;
				CURRENT_PROJECT_VERSION = 1;
				DEFINES_MODULE = YES;
				DEVELOPMENT_TEAM = 28S7A2KMD3;
				DYLIB_COMPATIBILITY_VERSION = 1;
				DYLIB_CURRENT_VERSION = 1;
				DYLIB_INSTALL_NAME_BASE = "@rpath";
				GENERATE_INFOPLIST_FILE = YES;
				INFOPLIST_KEY_NSHumanReadableCopyright = "";
				INSTALL_PATH = "$(LOCAL_LIBRARY_DIR)/Frameworks";
				LD_RUNPATH_SEARCH_PATHS = (
					"$(inherited)",
					"@executable_path/Frameworks",
					"@loader_path/Frameworks",
				);
				MARKETING_VERSION = 1.0;
				PRODUCT_BUNDLE_IDENTIFIER = Volt.VoltFramework;
				PRODUCT_NAME = "$(TARGET_NAME:c99extidentifier)";
				SKIP_INSTALL = YES;
				SWIFT_EMIT_LOC_STRINGS = YES;
				SWIFT_VERSION = 5.0;
				TARGETED_DEVICE_FAMILY = "1,2";
			};
			name = Debug;
		};
		67F1F726298D5DBA001B7B12 /* Release */ = {
			isa = XCBuildConfiguration;
			buildSettings = {
				CODE_SIGN_STYLE = Automatic;
				CURRENT_PROJECT_VERSION = 1;
				DEFINES_MODULE = YES;
				DEVELOPMENT_TEAM = 28S7A2KMD3;
				DYLIB_COMPATIBILITY_VERSION = 1;
				DYLIB_CURRENT_VERSION = 1;
				DYLIB_INSTALL_NAME_BASE = "@rpath";
				GENERATE_INFOPLIST_FILE = YES;
				INFOPLIST_KEY_NSHumanReadableCopyright = "";
				INSTALL_PATH = "$(LOCAL_LIBRARY_DIR)/Frameworks";
				LD_RUNPATH_SEARCH_PATHS = (
					"$(inherited)",
					"@executable_path/Frameworks",
					"@loader_path/Frameworks",
				);
				MARKETING_VERSION = 1.0;
				PRODUCT_BUNDLE_IDENTIFIER = Volt.VoltFramework;
				PRODUCT_NAME = "$(TARGET_NAME:c99extidentifier)";
				SKIP_INSTALL = YES;
				SWIFT_EMIT_LOC_STRINGS = YES;
				SWIFT_VERSION = 5.0;
				TARGETED_DEVICE_FAMILY = "1,2";
			};
			name = Release;
		};
		67F1F728298D5DBA001B7B12 /* Debug */ = {
			isa = XCBuildConfiguration;
			buildSettings = {
				ALWAYS_EMBED_SWIFT_STANDARD_LIBRARIES = YES;
				CODE_SIGN_STYLE = Automatic;
				CURRENT_PROJECT_VERSION = 1;
				DEVELOPMENT_TEAM = 28S7A2KMD3;
				GENERATE_INFOPLIST_FILE = YES;
				MARKETING_VERSION = 1.0;
				PRODUCT_BUNDLE_IDENTIFIER = Volt.VoltFrameworkTests;
				PRODUCT_NAME = "$(TARGET_NAME)";
				SWIFT_EMIT_LOC_STRINGS = NO;
				SWIFT_VERSION = 5.0;
				TARGETED_DEVICE_FAMILY = "1,2";
			};
			name = Debug;
		};
		67F1F729298D5DBA001B7B12 /* Release */ = {
			isa = XCBuildConfiguration;
			buildSettings = {
				ALWAYS_EMBED_SWIFT_STANDARD_LIBRARIES = YES;
				CODE_SIGN_STYLE = Automatic;
				CURRENT_PROJECT_VERSION = 1;
				DEVELOPMENT_TEAM = 28S7A2KMD3;
				GENERATE_INFOPLIST_FILE = YES;
				MARKETING_VERSION = 1.0;
				PRODUCT_BUNDLE_IDENTIFIER = Volt.VoltFrameworkTests;
				PRODUCT_NAME = "$(TARGET_NAME)";
				SWIFT_EMIT_LOC_STRINGS = NO;
				SWIFT_VERSION = 5.0;
				TARGETED_DEVICE_FAMILY = "1,2";
			};
			name = Release;
		};
/* End XCBuildConfiguration section */

/* Begin XCConfigurationList section */
		67F1F70A298D5DB9001B7B12 /* Build configuration list for PBXProject "VoltFramework" */ = {
			isa = XCConfigurationList;
			buildConfigurations = (
				67F1F722298D5DBA001B7B12 /* Debug */,
				67F1F723298D5DBA001B7B12 /* Release */,
			);
			defaultConfigurationIsVisible = 0;
			defaultConfigurationName = Release;
		};
		67F1F724298D5DBA001B7B12 /* Build configuration list for PBXNativeTarget "VoltFramework" */ = {
			isa = XCConfigurationList;
			buildConfigurations = (
				67F1F725298D5DBA001B7B12 /* Debug */,
				67F1F726298D5DBA001B7B12 /* Release */,
			);
			defaultConfigurationIsVisible = 0;
			defaultConfigurationName = Release;
		};
		67F1F727298D5DBA001B7B12 /* Build configuration list for PBXNativeTarget "VoltFrameworkTests" */ = {
			isa = XCConfigurationList;
			buildConfigurations = (
				67F1F728298D5DBA001B7B12 /* Debug */,
				67F1F729298D5DBA001B7B12 /* Release */,
			);
			defaultConfigurationIsVisible = 0;
			defaultConfigurationName = Release;
		};
/* End XCConfigurationList section */
	};
	rootObject = 67F1F707298D5DB9001B7B12 /* Project object */;
}
